
Microsoft Visual Studio Solution File, Format Version 12.00
# Visual Studio Version 17
VisualStudioVersion = 17.0.31903.59
MinimumVisualStudioVersion = 10.0.40219.1
Project("{FAE04EC0-301F-11D3-BF4B-00C04F79EFBC}") = "App", "App\App.csproj", "{B7193ADB-3DC6-44A6-B0FC-C9B5738856E5}"
EndProject
Project("{FAE04EC0-301F-11D3-BF4B-00C04F79EFBC}") = "Shared", "Shared\Shared.csproj", "{5C9CB134-935F-498A-B6B2-B1E9B9E8256C}"
EndProject
Global
	GlobalSection(SolutionConfigurationPlatforms) = preSolution
		Debug|Any CPU = Debug|Any CPU
		Release|Any CPU = Release|Any CPU
	EndGlobalSection
	GlobalSection(SolutionProperties) = preSolution
		HideSolutionNode = FALSE
	EndGlobalSection
	GlobalSection(ProjectConfigurationPlatforms) = postSolution
		{B7193ADB-3DC6-44A6-B0FC-C9B5738856E5}.Debug|Any CPU.ActiveCfg = Debug|Any CPU
		{B7193ADB-3DC6-44A6-B0FC-C9B5738856E5}.Debug|Any CPU.Build.0 = Debug|Any CPU
		{B7193ADB-3DC6-44A6-B0FC-C9B5738856E5}.Release|Any CPU.ActiveCfg = Release|Any CPU
		{B7193ADB-3DC6-44A6-B0FC-C9B5738856E5}.Release|Any CPU.Build.0 = Release|Any CPU
		{5C9CB134-935F-498A-B6B2-B1E9B9E8256C}.Debug|Any CPU.ActiveCfg = Debug|Any CPU
		{5C9CB134-935F-498A-B6B2-B1E9B9E8256C}.Debug|Any CPU.Build.0 = Debug|Any CPU
		{5C9CB134-935F-498A-B6B2-B1E9B9E8256C}.Release|Any CPU.ActiveCfg = Release|Any CPU
		{5C9CB134-935F-498A-B6B2-B1E9B9E8256C}.Release|Any CPU.Build.0 = Release|Any CPU
	EndGlobalSection
EndGlobal
